// !$*UTF8*$!
{
	archiveVersion = 1;
	classes = {
	};
	objectVersion = 55;
	objects = {

/* Begin PBXBuildFile section */
		B72A1F5A28C64856009B44A0 /* study_WebKitApp.swift in Sources */ = {isa = PBXBuildFile; fileRef = B72A1F5928C64856009B44A0 /* study_WebKitApp.swift */; };
		B72A1F5C28C64856009B44A0 /* ContentView.swift in Sources */ = {isa = PBXBuildFile; fileRef = B72A1F5B28C64856009B44A0 /* ContentView.swift */; };
		B72A1F5E28C64858009B44A0 /* Assets.xcassets in Resources */ = {isa = PBXBuildFile; fileRef = B72A1F5D28C64858009B44A0 /* Assets.xcassets */; };
		B72A1F6128C64858009B44A0 /* Preview Assets.xcassets in Resources */ = {isa = PBXBuildFile; fileRef = B72A1F6028C64858009B44A0 /* Preview Assets.xcassets */; };
		B72A1F6C28C649C6009B44A0 /* WebView.swift in Sources */ = {isa = PBXBuildFile; fileRef = B72A1F6B28C649C6009B44A0 /* WebView.swift */; };
		B72A1F7428C64E3D009B44A0 /* Const.swift in Sources */ = {isa = PBXBuildFile; fileRef = B72A1F7328C64E3D009B44A0 /* Const.swift */; };
/* End PBXBuildFile section */

/* Begin PBXFileReference section */
		B72A1F5628C64856009B44A0 /* study-WebKit.app */ = {isa = PBXFileReference; explicitFileType = wrapper.application; includeInIndex = 0; path = "study-WebKit.app"; sourceTree = BUILT_PRODUCTS_DIR; };
		B72A1F5928C64856009B44A0 /* study_WebKitApp.swift */ = {isa = PBXFileReference; lastKnownFileType = sourcecode.swift; path = study_WebKitApp.swift; sourceTree = "<group>"; };
		B72A1F5B28C64856009B44A0 /* ContentView.swift */ = {isa = PBXFileReference; lastKnownFileType = sourcecode.swift; path = ContentView.swift; sourceTree = "<group>"; };
		B72A1F5D28C64858009B44A0 /* Assets.xcassets */ = {isa = PBXFileReference; lastKnownFileType = folder.assetcatalog; path = Assets.xcassets; sourceTree = "<group>"; };
		B72A1F6028C64858009B44A0 /* Preview Assets.xcassets */ = {isa = PBXFileReference; lastKnownFileType = folder.assetcatalog; path = "Preview Assets.xcassets"; sourceTree = "<group>"; };
		B72A1F6B28C649C6009B44A0 /* WebView.swift */ = {isa = PBXFileReference; lastKnownFileType = sourcecode.swift; path = WebView.swift; sourceTree = "<group>"; };
		B72A1F6D28C64B72009B44A0 /* Info.plist */ = {isa = PBXFileReference; lastKnownFileType = text.plist.xml; path = Info.plist; sourceTree = "<group>"; };
		B72A1F7328C64E3D009B44A0 /* Const.swift */ = {isa = PBXFileReference; lastKnownFileType = sourcecode.swift; path = Const.swift; sourceTree = "<group>"; };
/* End PBXFileReference section */

/* Begin PBXFrameworksBuildPhase section */
		B72A1F5328C64856009B44A0 /* Frameworks */ = {
			isa = PBXFrameworksBuildPhase;
			buildActionMask = 2147483647;
			files = (
			);
			runOnlyForDeploymentPostprocessing = 0;
		};
/* End PBXFrameworksBuildPhase section */

/* Begin PBXGroup section */
		B72A1F4D28C64856009B44A0 = {
			isa = PBXGroup;
			children = (
				B72A1F5828C64856009B44A0 /* study-WebKit */,
				B72A1F5728C64856009B44A0 /* Products */,
			);
			sourceTree = "<group>";
		};
		B72A1F5728C64856009B44A0 /* Products */ = {
			isa = PBXGroup;
			children = (
				B72A1F5628C64856009B44A0 /* study-WebKit.app */,
			);
			name = Products;
			sourceTree = "<group>";
		};
		B72A1F5828C64856009B44A0 /* study-WebKit */ = {
			isa = PBXGroup;
			children = (
				B72A1F6928C64976009B44A0 /* System */,
				B72A1F6F28C64CF3009B44A0 /* Repositories */,
				B72A1F6E28C64CEC009B44A0 /* Services */,
				B72A1F6828C64962009B44A0 /* UI */,
				B72A1F7228C64E2E009B44A0 /* Consts */,
				B72A1F6728C648D4009B44A0 /* Resources */,
			);
			path = "study-WebKit";
			sourceTree = "<group>";
		};
		B72A1F5F28C64858009B44A0 /* Preview Content */ = {
			isa = PBXGroup;
			children = (
				B72A1F6028C64858009B44A0 /* Preview Assets.xcassets */,
			);
			path = "Preview Content";
			sourceTree = "<group>";
		};
		B72A1F6728C648D4009B44A0 /* Resources */ = {
			isa = PBXGroup;
			children = (
				B72A1F6D28C64B72009B44A0 /* Info.plist */,
				B72A1F5D28C64858009B44A0 /* Assets.xcassets */,
				B72A1F5F28C64858009B44A0 /* Preview Content */,
			);
			path = Resources;
			sourceTree = "<group>";
		};
		B72A1F6828C64962009B44A0 /* UI */ = {
			isa = PBXGroup;
			children = (
				B72A1F7028C64D87009B44A0 /* Screens */,
				B72A1F6A28C64997009B44A0 /* Components */,
			);
			path = UI;
			sourceTree = "<group>";
		};
		B72A1F6928C64976009B44A0 /* System */ = {
			isa = PBXGroup;
			children = (
				B72A1F5928C64856009B44A0 /* study_WebKitApp.swift */,
			);
			path = System;
			sourceTree = "<group>";
		};
		B72A1F6A28C64997009B44A0 /* Components */ = {
			isa = PBXGroup;
			children = (
				B72A1F7128C64D96009B44A0 /* CustomViews */,
			);
			path = Components;
			sourceTree = "<group>";
		};
		B72A1F6E28C64CEC009B44A0 /* Services */ = {
			isa = PBXGroup;
			children = (
			);
			path = Services;
			sourceTree = "<group>";
		};
		B72A1F6F28C64CF3009B44A0 /* Repositories */ = {
			isa = PBXGroup;
			children = (
			);
			path = Repositories;
			sourceTree = "<group>";
		};
		B72A1F7028C64D87009B44A0 /* Screens */ = {
			isa = PBXGroup;
			children = (
				B72A1F5B28C64856009B44A0 /* ContentView.swift */,
			);
			path = Screens;
			sourceTree = "<group>";
		};
		B72A1F7128C64D96009B44A0 /* CustomViews */ = {
			isa = PBXGroup;
			children = (
				B72A1F6B28C649C6009B44A0 /* WebView.swift */,
			);
			path = CustomViews;
			sourceTree = "<group>";
		};
		B72A1F7228C64E2E009B44A0 /* Consts */ = {
			isa = PBXGroup;
			children = (
				B72A1F7328C64E3D009B44A0 /* Const.swift */,
			);
			path = Consts;
			sourceTree = "<group>";
		};
/* End PBXGroup section */

/* Begin PBXNativeTarget section */
		B72A1F5528C64856009B44A0 /* study-WebKit */ = {
			isa = PBXNativeTarget;
			buildConfigurationList = B72A1F6428C64858009B44A0 /* Build configuration list for PBXNativeTarget "study-WebKit" */;
			buildPhases = (
				B72A1F5228C64856009B44A0 /* Sources */,
				B72A1F5328C64856009B44A0 /* Frameworks */,
				B72A1F5428C64856009B44A0 /* Resources */,
			);
			buildRules = (
			);
			dependencies = (
			);
			name = "study-WebKit";
			productName = "study-WebKit";
			productReference = B72A1F5628C64856009B44A0 /* study-WebKit.app */;
			productType = "com.apple.product-type.application";
		};
/* End PBXNativeTarget section */

/* Begin PBXProject section */
		B72A1F4E28C64856009B44A0 /* Project object */ = {
			isa = PBXProject;
			attributes = {
				BuildIndependentTargetsInParallel = 1;
				LastSwiftUpdateCheck = 1340;
				LastUpgradeCheck = 1340;
				TargetAttributes = {
					B72A1F5528C64856009B44A0 = {
						CreatedOnToolsVersion = 13.4.1;
					};
				};
			};
			buildConfigurationList = B72A1F5128C64856009B44A0 /* Build configuration list for PBXProject "study-WebKit" */;
			compatibilityVersion = "Xcode 13.0";
			developmentRegion = en;
			hasScannedForEncodings = 0;
			knownRegions = (
				en,
				Base,
			);
			mainGroup = B72A1F4D28C64856009B44A0;
			productRefGroup = B72A1F5728C64856009B44A0 /* Products */;
			projectDirPath = "";
			projectRoot = "";
			targets = (
				B72A1F5528C64856009B44A0 /* study-WebKit */,
			);
		};
/* End PBXProject section */

/* Begin PBXResourcesBuildPhase section */
		B72A1F5428C64856009B44A0 /* Resources */ = {
			isa = PBXResourcesBuildPhase;
			buildActionMask = 2147483647;
			files = (
				B72A1F6128C64858009B44A0 /* Preview Assets.xcassets in Resources */,
				B72A1F5E28C64858009B44A0 /* Assets.xcassets in Resources */,
			);
			runOnlyForDeploymentPostprocessing = 0;
		};
/* End PBXResourcesBuildPhase section */

/* Begin PBXSourcesBuildPhase section */
		B72A1F5228C64856009B44A0 /* Sources */ = {
			isa = PBXSourcesBuildPhase;
			buildActionMask = 2147483647;
			files = (
				B72A1F6C28C649C6009B44A0 /* WebView.swift in Sources */,
				B72A1F7428C64E3D009B44A0 /* Const.swift in Sources */,
				B72A1F5C28C64856009B44A0 /* ContentView.swift in Sources */,
				B72A1F5A28C64856009B44A0 /* study_WebKitApp.swift in Sources */,
			);
			runOnlyForDeploymentPostprocessing = 0;
		};
/* End PBXSourcesBuildPhase section */

/* Begin XCBuildConfiguration section */
		B72A1F6228C64858009B44A0 /* Debug */ = {
			isa = XCBuildConfiguration;
			buildSettings = {
				ALWAYS_SEARCH_USER_PATHS = NO;
				CLANG_ANALYZER_NONNULL = YES;
				CLANG_ANALYZER_NUMBER_OBJECT_CONVERSION = YES_AGGRESSIVE;
				CLANG_CXX_LANGUAGE_STANDARD = "gnu++17";
				CLANG_ENABLE_MODULES = YES;
				CLANG_ENABLE_OBJC_ARC = YES;
				CLANG_ENABLE_OBJC_WEAK = YES;
				CLANG_WARN_BLOCK_CAPTURE_AUTORELEASING = YES;
				CLANG_WARN_BOOL_CONVERSION = YES;
				CLANG_WARN_COMMA = YES;
				CLANG_WARN_CONSTANT_CONVERSION = YES;
				CLANG_WARN_DEPRECATED_OBJC_IMPLEMENTATIONS = YES;
				CLANG_WARN_DIRECT_OBJC_ISA_USAGE = YES_ERROR;
				CLANG_WARN_DOCUMENTATION_COMMENTS = YES;
				CLANG_WARN_EMPTY_BODY = YES;
				CLANG_WARN_ENUM_CONVERSION = YES;
				CLANG_WARN_INFINITE_RECURSION = YES;
				CLANG_WARN_INT_CONVERSION = YES;
				CLANG_WARN_NON_LITERAL_NULL_CONVERSION = YES;
				CLANG_WARN_OBJC_IMPLICIT_RETAIN_SELF = YES;
				CLANG_WARN_OBJC_LITERAL_CONVERSION = YES;
				CLANG_WARN_OBJC_ROOT_CLASS = YES_ERROR;
				CLANG_WARN_QUOTED_INCLUDE_IN_FRAMEWORK_HEADER = YES;
				CLANG_WARN_RANGE_LOOP_ANALYSIS = YES;
				CLANG_WARN_STRICT_PROTOTYPES = YES;
				CLANG_WARN_SUSPICIOUS_MOVE = YES;
				CLANG_WARN_UNGUARDED_AVAILABILITY = YES_AGGRESSIVE;
				CLANG_WARN_UNREACHABLE_CODE = YES;
				CLANG_WARN__DUPLICATE_METHOD_MATCH = YES;
				COPY_PHASE_STRIP = NO;
				DEBUG_INFORMATION_FORMAT = dwarf;
				ENABLE_STRICT_OBJC_MSGSEND = YES;
				ENABLE_TESTABILITY = YES;
				GCC_C_LANGUAGE_STANDARD = gnu11;
				GCC_DYNAMIC_NO_PIC = NO;
				GCC_NO_COMMON_BLOCKS = YES;
				GCC_OPTIMIZATION_LEVEL = 0;
				GCC_PREPROCESSOR_DEFINITIONS = (
					"DEBUG=1",
					"$(inherited)",
				);
				GCC_WARN_64_TO_32_BIT_CONVERSION = YES;
				GCC_WARN_ABOUT_RETURN_TYPE = YES_ERROR;
				GCC_WARN_UNDECLARED_SELECTOR = YES;
				GCC_WARN_UNINITIALIZED_AUTOS = YES_AGGRESSIVE;
				GCC_WARN_UNUSED_FUNCTION = YES;
				GCC_WARN_UNUSED_VARIABLE = YES;
				IPHONEOS_DEPLOYMENT_TARGET = 15.5;
				MTL_ENABLE_DEBUG_INFO = INCLUDE_SOURCE;
				MTL_FAST_MATH = YES;
				ONLY_ACTIVE_ARCH = YES;
				SDKROOT = iphoneos;
				SWIFT_ACTIVE_COMPILATION_CONDITIONS = DEBUG;
				SWIFT_OPTIMIZATION_LEVEL = "-Onone";
			};
			name = Debug;
		};
		B72A1F6328C64858009B44A0 /* Release */ = {
			isa = XCBuildConfiguration;
			buildSettings = {
				ALWAYS_SEARCH_USER_PATHS = NO;
				CLANG_ANALYZER_NONNULL = YES;
				CLANG_ANALYZER_NUMBER_OBJECT_CONVERSION = YES_AGGRESSIVE;
				CLANG_CXX_LANGUAGE_STANDARD = "gnu++17";
				CLANG_ENABLE_MODULES = YES;
				CLANG_ENABLE_OBJC_ARC = YES;
				CLANG_ENABLE_OBJC_WEAK = YES;
				CLANG_WARN_BLOCK_CAPTURE_AUTORELEASING = YES;
				CLANG_WARN_BOOL_CONVERSION = YES;
				CLANG_WARN_COMMA = YES;
				CLANG_WARN_CONSTANT_CONVERSION = YES;
				CLANG_WARN_DEPRECATED_OBJC_IMPLEMENTATIONS = YES;
				CLANG_WARN_DIRECT_OBJC_ISA_USAGE = YES_ERROR;
				CLANG_WARN_DOCUMENTATION_COMMENTS = YES;
				CLANG_WARN_EMPTY_BODY = YES;
				CLANG_WARN_ENUM_CONVERSION = YES;
				CLANG_WARN_INFINITE_RECURSION = YES;
				CLANG_WARN_INT_CONVERSION = YES;
				CLANG_WARN_NON_LITERAL_NULL_CONVERSION = YES;
				CLANG_WARN_OBJC_IMPLICIT_RETAIN_SELF = YES;
				CLANG_WARN_OBJC_LITERAL_CONVERSION = YES;
				CLANG_WARN_OBJC_ROOT_CLASS = YES_ERROR;
				CLANG_WARN_QUOTED_INCLUDE_IN_FRAMEWORK_HEADER = YES;
				CLANG_WARN_RANGE_LOOP_ANALYSIS = YES;
				CLANG_WARN_STRICT_PROTOTYPES = YES;
				CLANG_WARN_SUSPICIOUS_MOVE = YES;
				CLANG_WARN_UNGUARDED_AVAILABILITY = YES_AGGRESSIVE;
				CLANG_WARN_UNREACHABLE_CODE = YES;
				CLANG_WARN__DUPLICATE_METHOD_MATCH = YES;
				COPY_PHASE_STRIP = NO;
				DEBUG_INFORMATION_FORMAT = "dwarf-with-dsym";
				ENABLE_NS_ASSERTIONS = NO;
				ENABLE_STRICT_OBJC_MSGSEND = YES;
				GCC_C_LANGUAGE_STANDARD = gnu11;
				GCC_NO_COMMON_BLOCKS = YES;
				GCC_WARN_64_TO_32_BIT_CONVERSION = YES;
				GCC_WARN_ABOUT_RETURN_TYPE = YES_ERROR;
				GCC_WARN_UNDECLARED_SELECTOR = YES;
				GCC_WARN_UNINITIALIZED_AUTOS = YES_AGGRESSIVE;
				GCC_WARN_UNUSED_FUNCTION = YES;
				GCC_WARN_UNUSED_VARIABLE = YES;
				IPHONEOS_DEPLOYMENT_TARGET = 15.5;
				MTL_ENABLE_DEBUG_INFO = NO;
				MTL_FAST_MATH = YES;
				SDKROOT = iphoneos;
				SWIFT_COMPILATION_MODE = wholemodule;
				SWIFT_OPTIMIZATION_LEVEL = "-O";
				VALIDATE_PRODUCT = YES;
			};
			name = Release;
		};
		B72A1F6528C64858009B44A0 /* Debug */ = {
			isa = XCBuildConfiguration;
			buildSettings = {
				ASSETCATALOG_COMPILER_APPICON_NAME = AppIcon;
				ASSETCATALOG_COMPILER_GLOBAL_ACCENT_COLOR_NAME = AccentColor;
				CODE_SIGN_STYLE = Automatic;
				CURRENT_PROJECT_VERSION = 1;
				DEVELOPMENT_ASSET_PATHS = "\"study-WebKit/Resources/Preview Content\"";
				DEVELOPMENT_TEAM = 6VYPR8MZ57;
				ENABLE_PREVIEWS = YES;
				GENERATE_INFOPLIST_FILE = YES;
				INFOPLIST_FILE = "study-WebKit/Resources/Info.plist";
				INFOPLIST_KEY_UIApplicationSceneManifest_Generation = YES;
				INFOPLIST_KEY_UIApplicationSupportsIndirectInputEvents = YES;
				INFOPLIST_KEY_UILaunchScreen_Generation = YES;
				INFOPLIST_KEY_UISupportedInterfaceOrientations_iPad = "UIInterfaceOrientationPortrait UIInterfaceOrientationPortraitUpsideDown UIInterfaceOrientationLandscapeLeft UIInterfaceOrientationLandscapeRight";
				INFOPLIST_KEY_UISupportedInterfaceOrientations_iPhone = "UIInterfaceOrientationPortrait UIInterfaceOrientationLandscapeLeft UIInterfaceOrientationLandscapeRight";
				LD_RUNPATH_SEARCH_PATHS = (
					"$(inherited)",
					"@executable_path/Frameworks",
				);
				MARKETING_VERSION = 1.0;
				PRODUCT_BUNDLE_IDENTIFIER = "com.pagh2322.study-WebKit";
				PRODUCT_NAME = "$(TARGET_NAME)";
				SWIFT_EMIT_LOC_STRINGS = YES;
				SWIFT_VERSION = 5.0;
				TARGETED_DEVICE_FAMILY = "1,2";
			};
			name = Debug;
		};
		B72A1F6628C64858009B44A0 /* Release */ = {
			isa = XCBuildConfiguration;
			buildSettings = {
				ASSETCATALOG_COMPILER_APPICON_NAME = AppIcon;
				ASSETCATALOG_COMPILER_GLOBAL_ACCENT_COLOR_NAME = AccentColor;
				CODE_SIGN_STYLE = Automatic;
				CURRENT_PROJECT_VERSION = 1;
				DEVELOPMENT_ASSET_PATHS = "\"study-WebKit/Resources/Preview Content\"";
				DEVELOPMENT_TEAM = 6VYPR8MZ57;
				ENABLE_PREVIEWS = YES;
				GENERATE_INFOPLIST_FILE = YES;
				INFOPLIST_FILE = "study-WebKit/Resources/Info.plist";
				INFOPLIST_KEY_UIApplicationSceneManifest_Generation = YES;
				INFOPLIST_KEY_UIApplicationSupportsIndirectInputEvents = YES;
				INFOPLIST_KEY_UILaunchScreen_Generation = YES;
				INFOPLIST_KEY_UISupportedInterfaceOrientations_iPad = "UIInterfaceOrientationPortrait UIInterfaceOrientationPortraitUpsideDown UIInterfaceOrientationLandscapeLeft UIInterfaceOrientationLandscapeRight";
				INFOPLIST_KEY_UISupportedInterfaceOrientations_iPhone = "UIInterfaceOrientationPortrait UIInterfaceOrientationLandscapeLeft UIInterfaceOrientationLandscapeRight";
				LD_RUNPATH_SEARCH_PATHS = (
					"$(inherited)",
					"@executable_path/Frameworks",
				);
				MARKETING_VERSION = 1.0;
				PRODUCT_BUNDLE_IDENTIFIER = "com.pagh2322.study-WebKit";
				PRODUCT_NAME = "$(TARGET_NAME)";
				SWIFT_EMIT_LOC_STRINGS = YES;
				SWIFT_VERSION = 5.0;
				TARGETED_DEVICE_FAMILY = "1,2";
			};
			name = Release;
		};
/* End XCBuildConfiguration section */

/* Begin XCConfigurationList section */
		B72A1F5128C64856009B44A0 /* Build configuration list for PBXProject "study-WebKit" */ = {
			isa = XCConfigurationList;
			buildConfigurations = (
				B72A1F6228C64858009B44A0 /* Debug */,
				B72A1F6328C64858009B44A0 /* Release */,
			);
			defaultConfigurationIsVisible = 0;
			defaultConfigurationName = Release;
		};
		B72A1F6428C64858009B44A0 /* Build configuration list for PBXNativeTarget "study-WebKit" */ = {
			isa = XCConfigurationList;
			buildConfigurations = (
				B72A1F6528C64858009B44A0 /* Debug */,
				B72A1F6628C64858009B44A0 /* Release */,
			);
			defaultConfigurationIsVisible = 0;
			defaultConfigurationName = Release;
		};
/* End XCConfigurationList section */
	};
	rootObject = B72A1F4E28C64856009B44A0 /* Project object */;
}
